// !$*UTF8*$!
{
	archiveVersion = 1;
	classes = {
	};
	objectVersion = 56;
	objects = {

/* Begin PBXBuildFile section */
		731E84412B2D1760001E2BF7 /* Assets.xcassets in Resources */ = {isa = PBXBuildFile; fileRef = 731E84402B2D1760001E2BF7 /* Assets.xcassets */; };
		738207142B05AA1100BA4D22 /* FoFoSaysApp.swift in Sources */ = {isa = PBXBuildFile; fileRef = 738207132B05AA1100BA4D22 /* FoFoSaysApp.swift */; };
		738207162B05AA1100BA4D22 /* ContentView.swift in Sources */ = {isa = PBXBuildFile; fileRef = 738207152B05AA1100BA4D22 /* ContentView.swift */; };
		7382071D2B05AA1200BA4D22 /* Preview Assets.xcassets in Resources */ = {isa = PBXBuildFile; fileRef = 7382071C2B05AA1200BA4D22 /* Preview Assets.xcassets */; };
		738207242B05AB2F00BA4D22 /* GameView.swift in Sources */ = {isa = PBXBuildFile; fileRef = 738207232B05AB2F00BA4D22 /* GameView.swift */; };
		738207262B05AB7100BA4D22 /* TileView.swift in Sources */ = {isa = PBXBuildFile; fileRef = 738207252B05AB7100BA4D22 /* TileView.swift */; };
		73A465532B07E2550084FCDC /* GameLogic.swift in Sources */ = {isa = PBXBuildFile; fileRef = 73A465522B07E2550084FCDC /* GameLogic.swift */; };
		73A465552B07E2880084FCDC /* GameTile.swift in Sources */ = {isa = PBXBuildFile; fileRef = 73A465542B07E2880084FCDC /* GameTile.swift */; };
		73A9A2462B2A9D8200DF32BD /* GameOverView.swift in Sources */ = {isa = PBXBuildFile; fileRef = 73A9A2452B2A9D8200DF32BD /* GameOverView.swift */; };
		73A9A24E2B2B4BCC00DF32BD /* RootView.swift in Sources */ = {isa = PBXBuildFile; fileRef = 73A9A24D2B2B4BCC00DF32BD /* RootView.swift */; };
		73AA54B52B2BED8500277C5D /* drive.mp3 in Resources */ = {isa = PBXBuildFile; fileRef = 73AA54B42B2BED8400277C5D /* drive.mp3 */; };
		73AA54B72B2BF8BE00277C5D /* gameOver.mp3 in Resources */ = {isa = PBXBuildFile; fileRef = 73AA54B62B2BF8BE00277C5D /* gameOver.mp3 */; };
		73AA54B92B2C02CD00277C5D /* ColorsSheetView.swift in Sources */ = {isa = PBXBuildFile; fileRef = 73AA54B82B2C02CD00277C5D /* ColorsSheetView.swift */; };
		73AA54BC2B2CA00800277C5D /* ColorsSheetViewModel.swift in Sources */ = {isa = PBXBuildFile; fileRef = 73AA54BB2B2CA00800277C5D /* ColorsSheetViewModel.swift */; };
		73AA54BE2B2CA0B700277C5D /* ColorSchemeModel.swift in Sources */ = {isa = PBXBuildFile; fileRef = 73AA54BD2B2CA0B700277C5D /* ColorSchemeModel.swift */; };
		73AA54C02B2CA16200277C5D /* ColorSchemeDataSource.swift in Sources */ = {isa = PBXBuildFile; fileRef = 73AA54BF2B2CA16200277C5D /* ColorSchemeDataSource.swift */; };
		73AA54C32B2CA78D00277C5D /* Color+.swift in Sources */ = {isa = PBXBuildFile; fileRef = 73AA54C22B2CA78D00277C5D /* Color+.swift */; };
		73BD586A2B084FA5006114B4 /* AudioManager.swift in Sources */ = {isa = PBXBuildFile; fileRef = 73BD58692B084FA5006114B4 /* AudioManager.swift */; };
		73BD58772B08527F006114B4 /* AudioFile.swift in Sources */ = {isa = PBXBuildFile; fileRef = 73BD58762B08527F006114B4 /* AudioFile.swift */; };
		73BD587C2B08614D006114B4 /* tileSound1.mp3 in Resources */ = {isa = PBXBuildFile; fileRef = 73BD58782B08614C006114B4 /* tileSound1.mp3 */; };
		73BD587D2B08614D006114B4 /* tileSound3.mp3 in Resources */ = {isa = PBXBuildFile; fileRef = 73BD58792B08614D006114B4 /* tileSound3.mp3 */; };
		73BD587E2B08614D006114B4 /* tileSound4.mp3 in Resources */ = {isa = PBXBuildFile; fileRef = 73BD587A2B08614D006114B4 /* tileSound4.mp3 */; };
		73BD587F2B08614D006114B4 /* tileSound2.mp3 in Resources */ = {isa = PBXBuildFile; fileRef = 73BD587B2B08614D006114B4 /* tileSound2.mp3 */; };
		73BD58812B08627F006114B4 /* incorrect.mp3 in Resources */ = {isa = PBXBuildFile; fileRef = 73BD58802B08627F006114B4 /* incorrect.mp3 */; };
		73BD58842B09A448006114B4 /* UserDefaultsManager.swift in Sources */ = {isa = PBXBuildFile; fileRef = 73BD58832B09A448006114B4 /* UserDefaultsManager.swift */; };
		73BD58862B09A7B3006114B4 /* UserDefaultKeys.swift in Sources */ = {isa = PBXBuildFile; fileRef = 73BD58852B09A7B3006114B4 /* UserDefaultKeys.swift */; };
		73BD58882B0D5AA6006114B4 /* Localizable.xcstrings in Resources */ = {isa = PBXBuildFile; fileRef = 73BD58872B0D5AA6006114B4 /* Localizable.xcstrings */; };
		73BD588A2B0D5B06006114B4 /* MainMenuView.swift in Sources */ = {isa = PBXBuildFile; fileRef = 73BD58892B0D5B06006114B4 /* MainMenuView.swift */; };
/* End PBXBuildFile section */

/* Begin PBXFileReference section */
		731E84402B2D1760001E2BF7 /* Assets.xcassets */ = {isa = PBXFileReference; lastKnownFileType = folder.assetcatalog; name = Assets.xcassets; path = FoFoSays/Assets.xcassets; sourceTree = SOURCE_ROOT; };
		731E84422B2D186B001E2BF7 /* Info.plist */ = {isa = PBXFileReference; lastKnownFileType = text.plist; path = Info.plist; sourceTree = "<group>"; };
		738207102B05AA1100BA4D22 /* FoFoSays.app */ = {isa = PBXFileReference; explicitFileType = wrapper.application; includeInIndex = 0; path = FoFoSays.app; sourceTree = BUILT_PRODUCTS_DIR; };
		738207132B05AA1100BA4D22 /* FoFoSaysApp.swift */ = {isa = PBXFileReference; lastKnownFileType = sourcecode.swift; path = FoFoSaysApp.swift; sourceTree = "<group>"; };
		738207152B05AA1100BA4D22 /* ContentView.swift */ = {isa = PBXFileReference; lastKnownFileType = sourcecode.swift; path = ContentView.swift; sourceTree = "<group>"; };
		7382071C2B05AA1200BA4D22 /* Preview Assets.xcassets */ = {isa = PBXFileReference; lastKnownFileType = folder.assetcatalog; path = "Preview Assets.xcassets"; sourceTree = "<group>"; };
		738207232B05AB2F00BA4D22 /* GameView.swift */ = {isa = PBXFileReference; lastKnownFileType = sourcecode.swift; path = GameView.swift; sourceTree = "<group>"; };
		738207252B05AB7100BA4D22 /* TileView.swift */ = {isa = PBXFileReference; lastKnownFileType = sourcecode.swift; path = TileView.swift; sourceTree = "<group>"; };
		73A465522B07E2550084FCDC /* GameLogic.swift */ = {isa = PBXFileReference; lastKnownFileType = sourcecode.swift; path = GameLogic.swift; sourceTree = "<group>"; };
		73A465542B07E2880084FCDC /* GameTile.swift */ = {isa = PBXFileReference; lastKnownFileType = sourcecode.swift; path = GameTile.swift; sourceTree = "<group>"; };
		73A9A2452B2A9D8200DF32BD /* GameOverView.swift */ = {isa = PBXFileReference; lastKnownFileType = sourcecode.swift; path = GameOverView.swift; sourceTree = "<group>"; };
		73A9A24D2B2B4BCC00DF32BD /* RootView.swift */ = {isa = PBXFileReference; lastKnownFileType = sourcecode.swift; path = RootView.swift; sourceTree = "<group>"; };
		73AA54B42B2BED8400277C5D /* drive.mp3 */ = {isa = PBXFileReference; lastKnownFileType = audio.mp3; path = drive.mp3; sourceTree = "<group>"; };
		73AA54B62B2BF8BE00277C5D /* gameOver.mp3 */ = {isa = PBXFileReference; lastKnownFileType = audio.mp3; path = gameOver.mp3; sourceTree = "<group>"; };
		73AA54B82B2C02CD00277C5D /* ColorsSheetView.swift */ = {isa = PBXFileReference; lastKnownFileType = sourcecode.swift; path = ColorsSheetView.swift; sourceTree = "<group>"; };
		73AA54BB2B2CA00800277C5D /* ColorsSheetViewModel.swift */ = {isa = PBXFileReference; lastKnownFileType = sourcecode.swift; path = ColorsSheetViewModel.swift; sourceTree = "<group>"; };
		73AA54BD2B2CA0B700277C5D /* ColorSchemeModel.swift */ = {isa = PBXFileReference; lastKnownFileType = sourcecode.swift; path = ColorSchemeModel.swift; sourceTree = "<group>"; };
		73AA54BF2B2CA16200277C5D /* ColorSchemeDataSource.swift */ = {isa = PBXFileReference; lastKnownFileType = sourcecode.swift; path = ColorSchemeDataSource.swift; sourceTree = "<group>"; };
		73AA54C22B2CA78D00277C5D /* Color+.swift */ = {isa = PBXFileReference; lastKnownFileType = sourcecode.swift; path = "Color+.swift"; sourceTree = "<group>"; };
		73BD58692B084FA5006114B4 /* AudioManager.swift */ = {isa = PBXFileReference; lastKnownFileType = sourcecode.swift; path = AudioManager.swift; sourceTree = "<group>"; };
		73BD58762B08527F006114B4 /* AudioFile.swift */ = {isa = PBXFileReference; lastKnownFileType = sourcecode.swift; path = AudioFile.swift; sourceTree = "<group>"; };
		73BD58782B08614C006114B4 /* tileSound1.mp3 */ = {isa = PBXFileReference; lastKnownFileType = audio.mp3; path = tileSound1.mp3; sourceTree = "<group>"; };
		73BD58792B08614D006114B4 /* tileSound3.mp3 */ = {isa = PBXFileReference; lastKnownFileType = audio.mp3; path = tileSound3.mp3; sourceTree = "<group>"; };
		73BD587A2B08614D006114B4 /* tileSound4.mp3 */ = {isa = PBXFileReference; lastKnownFileType = audio.mp3; path = tileSound4.mp3; sourceTree = "<group>"; };
		73BD587B2B08614D006114B4 /* tileSound2.mp3 */ = {isa = PBXFileReference; lastKnownFileType = audio.mp3; path = tileSound2.mp3; sourceTree = "<group>"; };
		73BD58802B08627F006114B4 /* incorrect.mp3 */ = {isa = PBXFileReference; lastKnownFileType = audio.mp3; path = incorrect.mp3; sourceTree = "<group>"; };
		73BD58832B09A448006114B4 /* UserDefaultsManager.swift */ = {isa = PBXFileReference; lastKnownFileType = sourcecode.swift; path = UserDefaultsManager.swift; sourceTree = "<group>"; };
		73BD58852B09A7B3006114B4 /* UserDefaultKeys.swift */ = {isa = PBXFileReference; lastKnownFileType = sourcecode.swift; path = UserDefaultKeys.swift; sourceTree = "<group>"; };
		73BD58872B0D5AA6006114B4 /* Localizable.xcstrings */ = {isa = PBXFileReference; lastKnownFileType = text.json.xcstrings; path = Localizable.xcstrings; sourceTree = "<group>"; };
		73BD58892B0D5B06006114B4 /* MainMenuView.swift */ = {isa = PBXFileReference; lastKnownFileType = sourcecode.swift; path = MainMenuView.swift; sourceTree = "<group>"; };
/* End PBXFileReference section */

/* Begin PBXFrameworksBuildPhase section */
		7382070D2B05AA1100BA4D22 /* Frameworks */ = {
			isa = PBXFrameworksBuildPhase;
			buildActionMask = 2147483647;
			files = (
			);
			runOnlyForDeploymentPostprocessing = 0;
		};
/* End PBXFrameworksBuildPhase section */

/* Begin PBXGroup section */
		738207072B05AA1100BA4D22 = {
			isa = PBXGroup;
			children = (
				738207122B05AA1100BA4D22 /* FoFoSays */,
				738207112B05AA1100BA4D22 /* Products */,
			);
			sourceTree = "<group>";
		};
		738207112B05AA1100BA4D22 /* Products */ = {
			isa = PBXGroup;
			children = (
				738207102B05AA1100BA4D22 /* FoFoSays.app */,
			);
			name = Products;
			sourceTree = "<group>";
		};
		738207122B05AA1100BA4D22 /* FoFoSays */ = {
			isa = PBXGroup;
			children = (
				731E84422B2D186B001E2BF7 /* Info.plist */,
				738207132B05AA1100BA4D22 /* FoFoSaysApp.swift */,
				73BD58872B0D5AA6006114B4 /* Localizable.xcstrings */,
				73BD58652B0815BF006114B4 /* Assets */,
				73BD58682B084F80006114B4 /* Audio Files */,
				73BD58752B085257006114B4 /* AudioManager */,
				73AA54C12B2CA73A00277C5D /* Extensions */,
				73BD58822B09A41D006114B4 /* LocalStore */,
				73BD58672B0815EF006114B4 /* Logic */,
				73BD58662B0815D9006114B4 /* Models */,
				73AA54BA2B2C9FEE00277C5D /* ViewModels */,
				73BD58642B0815AC006114B4 /* Views */,
			);
			path = FoFoSays;
			sourceTree = "<group>";
		};
		7382071B2B05AA1200BA4D22 /* Preview Content */ = {
			isa = PBXGroup;
			children = (
				7382071C2B05AA1200BA4D22 /* Preview Assets.xcassets */,
			);
			path = "Preview Content";
			sourceTree = "<group>";
		};
		73AA54BA2B2C9FEE00277C5D /* ViewModels */ = {
			isa = PBXGroup;
			children = (
				73AA54BB2B2CA00800277C5D /* ColorsSheetViewModel.swift */,
			);
			path = ViewModels;
			sourceTree = "<group>";
		};
		73AA54C12B2CA73A00277C5D /* Extensions */ = {
			isa = PBXGroup;
			children = (
				73AA54C22B2CA78D00277C5D /* Color+.swift */,
			);
			path = Extensions;
			sourceTree = "<group>";
		};
		73BD58642B0815AC006114B4 /* Views */ = {
			isa = PBXGroup;
			children = (
				73AA54B82B2C02CD00277C5D /* ColorsSheetView.swift */,
				738207152B05AA1100BA4D22 /* ContentView.swift */,
				73A9A2452B2A9D8200DF32BD /* GameOverView.swift */,
				738207232B05AB2F00BA4D22 /* GameView.swift */,
				73BD58892B0D5B06006114B4 /* MainMenuView.swift */,
				73A9A24D2B2B4BCC00DF32BD /* RootView.swift */,
				738207252B05AB7100BA4D22 /* TileView.swift */,
			);
			path = Views;
			sourceTree = "<group>";
		};
		73BD58652B0815BF006114B4 /* Assets */ = {
			isa = PBXGroup;
			children = (
				731E84402B2D1760001E2BF7 /* Assets.xcassets */,
				7382071B2B05AA1200BA4D22 /* Preview Content */,
			);
			path = Assets;
			sourceTree = "<group>";
		};
		73BD58662B0815D9006114B4 /* Models */ = {
			isa = PBXGroup;
			children = (
				73AA54BD2B2CA0B700277C5D /* ColorSchemeModel.swift */,
				73A465542B07E2880084FCDC /* GameTile.swift */,
			);
			path = Models;
			sourceTree = "<group>";
		};
		73BD58672B0815EF006114B4 /* Logic */ = {
			isa = PBXGroup;
			children = (
				73A465522B07E2550084FCDC /* GameLogic.swift */,
			);
			path = Logic;
			sourceTree = "<group>";
		};
		73BD58682B084F80006114B4 /* Audio Files */ = {
			isa = PBXGroup;
			children = (
				73AA54B42B2BED8400277C5D /* drive.mp3 */,
				73AA54B62B2BF8BE00277C5D /* gameOver.mp3 */,
				73BD58802B08627F006114B4 /* incorrect.mp3 */,
				73BD58782B08614C006114B4 /* tileSound1.mp3 */,
				73BD587B2B08614D006114B4 /* tileSound2.mp3 */,
				73BD58792B08614D006114B4 /* tileSound3.mp3 */,
				73BD587A2B08614D006114B4 /* tileSound4.mp3 */,
			);
			path = "Audio Files";
			sourceTree = "<group>";
		};
		73BD58752B085257006114B4 /* AudioManager */ = {
			isa = PBXGroup;
			children = (
				73BD58762B08527F006114B4 /* AudioFile.swift */,
				73BD58692B084FA5006114B4 /* AudioManager.swift */,
			);
			path = AudioManager;
			sourceTree = "<group>";
		};
		73BD58822B09A41D006114B4 /* LocalStore */ = {
			isa = PBXGroup;
			children = (
				73AA54BF2B2CA16200277C5D /* ColorSchemeDataSource.swift */,
				73BD58852B09A7B3006114B4 /* UserDefaultKeys.swift */,
				73BD58832B09A448006114B4 /* UserDefaultsManager.swift */,
			);
			path = LocalStore;
			sourceTree = "<group>";
		};
/* End PBXGroup section */

/* Begin PBXNativeTarget section */
		7382070F2B05AA1100BA4D22 /* FoFoSays */ = {
			isa = PBXNativeTarget;
			buildConfigurationList = 738207202B05AA1200BA4D22 /* Build configuration list for PBXNativeTarget "FoFoSays" */;
			buildPhases = (
				7382070C2B05AA1100BA4D22 /* Sources */,
				7382070D2B05AA1100BA4D22 /* Frameworks */,
				7382070E2B05AA1100BA4D22 /* Resources */,
			);
			buildRules = (
			);
			dependencies = (
			);
			name = FoFoSays;
			productName = FoFoSays;
			productReference = 738207102B05AA1100BA4D22 /* FoFoSays.app */;
			productType = "com.apple.product-type.application";
		};
/* End PBXNativeTarget section */

/* Begin PBXProject section */
		738207082B05AA1100BA4D22 /* Project object */ = {
			isa = PBXProject;
			attributes = {
				BuildIndependentTargetsInParallel = 1;
				LastSwiftUpdateCheck = 1500;
				LastUpgradeCheck = 1500;
				TargetAttributes = {
					7382070F2B05AA1100BA4D22 = {
						CreatedOnToolsVersion = 15.0;
					};
				};
			};
			buildConfigurationList = 7382070B2B05AA1100BA4D22 /* Build configuration list for PBXProject "FoFoSays" */;
			compatibilityVersion = "Xcode 14.0";
			developmentRegion = en;
			hasScannedForEncodings = 0;
			knownRegions = (
				en,
				Base,
			);
			mainGroup = 738207072B05AA1100BA4D22;
			productRefGroup = 738207112B05AA1100BA4D22 /* Products */;
			projectDirPath = "";
			projectRoot = "";
			targets = (
				7382070F2B05AA1100BA4D22 /* FoFoSays */,
			);
		};
/* End PBXProject section */

/* Begin PBXResourcesBuildPhase section */
		7382070E2B05AA1100BA4D22 /* Resources */ = {
			isa = PBXResourcesBuildPhase;
			buildActionMask = 2147483647;
			files = (
				73AA54B72B2BF8BE00277C5D /* gameOver.mp3 in Resources */,
				73BD587C2B08614D006114B4 /* tileSound1.mp3 in Resources */,
				731E84412B2D1760001E2BF7 /* Assets.xcassets in Resources */,
				73BD587D2B08614D006114B4 /* tileSound3.mp3 in Resources */,
				73BD58882B0D5AA6006114B4 /* Localizable.xcstrings in Resources */,
				7382071D2B05AA1200BA4D22 /* Preview Assets.xcassets in Resources */,
				73BD587F2B08614D006114B4 /* tileSound2.mp3 in Resources */,
				73BD58812B08627F006114B4 /* incorrect.mp3 in Resources */,
				73AA54B52B2BED8500277C5D /* drive.mp3 in Resources */,
				73BD587E2B08614D006114B4 /* tileSound4.mp3 in Resources */,
			);
			runOnlyForDeploymentPostprocessing = 0;
		};
/* End PBXResourcesBuildPhase section */

/* Begin PBXSourcesBuildPhase section */
		7382070C2B05AA1100BA4D22 /* Sources */ = {
			isa = PBXSourcesBuildPhase;
			buildActionMask = 2147483647;
			files = (
				73A9A2462B2A9D8200DF32BD /* GameOverView.swift in Sources */,
				73AA54C32B2CA78D00277C5D /* Color+.swift in Sources */,
				73AA54B92B2C02CD00277C5D /* ColorsSheetView.swift in Sources */,
				73BD58862B09A7B3006114B4 /* UserDefaultKeys.swift in Sources */,
				73BD588A2B0D5B06006114B4 /* MainMenuView.swift in Sources */,
				738207162B05AA1100BA4D22 /* ContentView.swift in Sources */,
				73AA54C02B2CA16200277C5D /* ColorSchemeDataSource.swift in Sources */,
				73BD586A2B084FA5006114B4 /* AudioManager.swift in Sources */,
				73AA54BE2B2CA0B700277C5D /* ColorSchemeModel.swift in Sources */,
				73A465552B07E2880084FCDC /* GameTile.swift in Sources */,
				738207262B05AB7100BA4D22 /* TileView.swift in Sources */,
				73BD58772B08527F006114B4 /* AudioFile.swift in Sources */,
				73AA54BC2B2CA00800277C5D /* ColorsSheetViewModel.swift in Sources */,
				73BD58842B09A448006114B4 /* UserDefaultsManager.swift in Sources */,
				73A9A24E2B2B4BCC00DF32BD /* RootView.swift in Sources */,
				738207242B05AB2F00BA4D22 /* GameView.swift in Sources */,
				73A465532B07E2550084FCDC /* GameLogic.swift in Sources */,
				738207142B05AA1100BA4D22 /* FoFoSaysApp.swift in Sources */,
			);
			runOnlyForDeploymentPostprocessing = 0;
		};
/* End PBXSourcesBuildPhase section */

/* Begin XCBuildConfiguration section */
		7382071E2B05AA1200BA4D22 /* Debug */ = {
			isa = XCBuildConfiguration;
			buildSettings = {
				ALWAYS_SEARCH_USER_PATHS = NO;
				ASSETCATALOG_COMPILER_GENERATE_SWIFT_ASSET_SYMBOL_EXTENSIONS = YES;
				CLANG_ANALYZER_NONNULL = YES;
				CLANG_ANALYZER_NUMBER_OBJECT_CONVERSION = YES_AGGRESSIVE;
				CLANG_CXX_LANGUAGE_STANDARD = "gnu++20";
				CLANG_ENABLE_MODULES = YES;
				CLANG_ENABLE_OBJC_ARC = YES;
				CLANG_ENABLE_OBJC_WEAK = YES;
				CLANG_WARN_BLOCK_CAPTURE_AUTORELEASING = YES;
				CLANG_WARN_BOOL_CONVERSION = YES;
				CLANG_WARN_COMMA = YES;
				CLANG_WARN_CONSTANT_CONVERSION = YES;
				CLANG_WARN_DEPRECATED_OBJC_IMPLEMENTATIONS = YES;
				CLANG_WARN_DIRECT_OBJC_ISA_USAGE = YES_ERROR;
				CLANG_WARN_DOCUMENTATION_COMMENTS = YES;
				CLANG_WARN_EMPTY_BODY = YES;
				CLANG_WARN_ENUM_CONVERSION = YES;
				CLANG_WARN_INFINITE_RECURSION = YES;
				CLANG_WARN_INT_CONVERSION = YES;
				CLANG_WARN_NON_LITERAL_NULL_CONVERSION = YES;
				CLANG_WARN_OBJC_IMPLICIT_RETAIN_SELF = YES;
				CLANG_WARN_OBJC_LITERAL_CONVERSION = YES;
				CLANG_WARN_OBJC_ROOT_CLASS = YES_ERROR;
				CLANG_WARN_QUOTED_INCLUDE_IN_FRAMEWORK_HEADER = YES;
				CLANG_WARN_RANGE_LOOP_ANALYSIS = YES;
				CLANG_WARN_STRICT_PROTOTYPES = YES;
				CLANG_WARN_SUSPICIOUS_MOVE = YES;
				CLANG_WARN_UNGUARDED_AVAILABILITY = YES_AGGRESSIVE;
				CLANG_WARN_UNREACHABLE_CODE = YES;
				CLANG_WARN__DUPLICATE_METHOD_MATCH = YES;
				COPY_PHASE_STRIP = NO;
				DEBUG_INFORMATION_FORMAT = dwarf;
				ENABLE_STRICT_OBJC_MSGSEND = YES;
				ENABLE_TESTABILITY = YES;
				ENABLE_USER_SCRIPT_SANDBOXING = YES;
				GCC_C_LANGUAGE_STANDARD = gnu17;
				GCC_DYNAMIC_NO_PIC = NO;
				GCC_NO_COMMON_BLOCKS = YES;
				GCC_OPTIMIZATION_LEVEL = 0;
				GCC_PREPROCESSOR_DEFINITIONS = (
					"DEBUG=1",
					"$(inherited)",
				);
				GCC_WARN_64_TO_32_BIT_CONVERSION = YES;
				GCC_WARN_ABOUT_RETURN_TYPE = YES_ERROR;
				GCC_WARN_UNDECLARED_SELECTOR = YES;
				GCC_WARN_UNINITIALIZED_AUTOS = YES_AGGRESSIVE;
				GCC_WARN_UNUSED_FUNCTION = YES;
				GCC_WARN_UNUSED_VARIABLE = YES;
				IPHONEOS_DEPLOYMENT_TARGET = 17.0;
				LOCALIZATION_PREFERS_STRING_CATALOGS = YES;
				MTL_ENABLE_DEBUG_INFO = INCLUDE_SOURCE;
				MTL_FAST_MATH = YES;
				ONLY_ACTIVE_ARCH = YES;
				SDKROOT = iphoneos;
				SWIFT_ACTIVE_COMPILATION_CONDITIONS = "DEBUG $(inherited)";
				SWIFT_OPTIMIZATION_LEVEL = "-Onone";
			};
			name = Debug;
		};
		7382071F2B05AA1200BA4D22 /* Release */ = {
			isa = XCBuildConfiguration;
			buildSettings = {
				ALWAYS_SEARCH_USER_PATHS = NO;
				ASSETCATALOG_COMPILER_GENERATE_SWIFT_ASSET_SYMBOL_EXTENSIONS = YES;
				CLANG_ANALYZER_NONNULL = YES;
				CLANG_ANALYZER_NUMBER_OBJECT_CONVERSION = YES_AGGRESSIVE;
				CLANG_CXX_LANGUAGE_STANDARD = "gnu++20";
				CLANG_ENABLE_MODULES = YES;
				CLANG_ENABLE_OBJC_ARC = YES;
				CLANG_ENABLE_OBJC_WEAK = YES;
				CLANG_WARN_BLOCK_CAPTURE_AUTORELEASING = YES;
				CLANG_WARN_BOOL_CONVERSION = YES;
				CLANG_WARN_COMMA = YES;
				CLANG_WARN_CONSTANT_CONVERSION = YES;
				CLANG_WARN_DEPRECATED_OBJC_IMPLEMENTATIONS = YES;
				CLANG_WARN_DIRECT_OBJC_ISA_USAGE = YES_ERROR;
				CLANG_WARN_DOCUMENTATION_COMMENTS = YES;
				CLANG_WARN_EMPTY_BODY = YES;
				CLANG_WARN_ENUM_CONVERSION = YES;
				CLANG_WARN_INFINITE_RECURSION = YES;
				CLANG_WARN_INT_CONVERSION = YES;
				CLANG_WARN_NON_LITERAL_NULL_CONVERSION = YES;
				CLANG_WARN_OBJC_IMPLICIT_RETAIN_SELF = YES;
				CLANG_WARN_OBJC_LITERAL_CONVERSION = YES;
				CLANG_WARN_OBJC_ROOT_CLASS = YES_ERROR;
				CLANG_WARN_QUOTED_INCLUDE_IN_FRAMEWORK_HEADER = YES;
				CLANG_WARN_RANGE_LOOP_ANALYSIS = YES;
				CLANG_WARN_STRICT_PROTOTYPES = YES;
				CLANG_WARN_SUSPICIOUS_MOVE = YES;
				CLANG_WARN_UNGUARDED_AVAILABILITY = YES_AGGRESSIVE;
				CLANG_WARN_UNREACHABLE_CODE = YES;
				CLANG_WARN__DUPLICATE_METHOD_MATCH = YES;
				COPY_PHASE_STRIP = NO;
				DEBUG_INFORMATION_FORMAT = "dwarf-with-dsym";
				ENABLE_NS_ASSERTIONS = NO;
				ENABLE_STRICT_OBJC_MSGSEND = YES;
				ENABLE_USER_SCRIPT_SANDBOXING = YES;
				GCC_C_LANGUAGE_STANDARD = gnu17;
				GCC_NO_COMMON_BLOCKS = YES;
				GCC_WARN_64_TO_32_BIT_CONVERSION = YES;
				GCC_WARN_ABOUT_RETURN_TYPE = YES_ERROR;
				GCC_WARN_UNDECLARED_SELECTOR = YES;
				GCC_WARN_UNINITIALIZED_AUTOS = YES_AGGRESSIVE;
				GCC_WARN_UNUSED_FUNCTION = YES;
				GCC_WARN_UNUSED_VARIABLE = YES;
				IPHONEOS_DEPLOYMENT_TARGET = 17.0;
				LOCALIZATION_PREFERS_STRING_CATALOGS = YES;
				MTL_ENABLE_DEBUG_INFO = NO;
				MTL_FAST_MATH = YES;
				SDKROOT = iphoneos;
				SWIFT_COMPILATION_MODE = wholemodule;
				VALIDATE_PRODUCT = YES;
			};
			name = Release;
		};
		738207212B05AA1200BA4D22 /* Debug */ = {
			isa = XCBuildConfiguration;
			buildSettings = {
				ASSETCATALOG_COMPILER_APPICON_NAME = AppIcon;
				ASSETCATALOG_COMPILER_GLOBAL_ACCENT_COLOR_NAME = AccentColor;
				CODE_SIGN_STYLE = Automatic;
				CURRENT_PROJECT_VERSION = 1;
				DEVELOPMENT_ASSET_PATHS = "\"FoFoSays/Assets/Preview Content\"";
				DEVELOPMENT_TEAM = L6L8JRV5TU;
				ENABLE_PREVIEWS = YES;
				GENERATE_INFOPLIST_FILE = YES;
				INFOPLIST_FILE = FoFoSays/Info.plist;
				INFOPLIST_KEY_LSApplicationCategoryType = "public.app-category.educational-games";
				INFOPLIST_KEY_UIApplicationSceneManifest_Generation = YES;
				INFOPLIST_KEY_UIApplicationSupportsIndirectInputEvents = YES;
				INFOPLIST_KEY_UISupportedInterfaceOrientations_iPad = "UIInterfaceOrientationPortrait UIInterfaceOrientationPortraitUpsideDown UIInterfaceOrientationLandscapeLeft UIInterfaceOrientationLandscapeRight";
				INFOPLIST_KEY_UISupportedInterfaceOrientations_iPhone = "UIInterfaceOrientationPortrait UIInterfaceOrientationLandscapeLeft UIInterfaceOrientationLandscapeRight";
				LD_RUNPATH_SEARCH_PATHS = (
					"$(inherited)",
					"@executable_path/Frameworks",
				);
				MARKETING_VERSION = 1.0;
				PRODUCT_BUNDLE_IDENTIFIER = fofo.FoFoSays;
				PRODUCT_NAME = "$(TARGET_NAME)";
				SUPPORTED_PLATFORMS = "iphoneos iphonesimulator";
				SUPPORTS_MACCATALYST = NO;
				SUPPORTS_MAC_DESIGNED_FOR_IPHONE_IPAD = NO;
				SWIFT_EMIT_LOC_STRINGS = YES;
				SWIFT_VERSION = 5.0;
				TARGETED_DEVICE_FAMILY = "1,2";
			};
			name = Debug;
		};
		738207222B05AA1200BA4D22 /* Release */ = {
			isa = XCBuildConfiguration;
			buildSettings = {
				ASSETCATALOG_COMPILER_APPICON_NAME = AppIcon;
				ASSETCATALOG_COMPILER_GLOBAL_ACCENT_COLOR_NAME = AccentColor;
				CODE_SIGN_STYLE = Automatic;
				CURRENT_PROJECT_VERSION = 1;
				DEVELOPMENT_ASSET_PATHS = "\"FoFoSays/Assets/Preview Content\"";
				DEVELOPMENT_TEAM = L6L8JRV5TU;
				ENABLE_PREVIEWS = YES;
				GENERATE_INFOPLIST_FILE = YES;
				INFOPLIST_FILE = FoFoSays/Info.plist;
				INFOPLIST_KEY_LSApplicationCategoryType = "public.app-category.educational-games";
				INFOPLIST_KEY_UIApplicationSceneManifest_Generation = YES;
				INFOPLIST_KEY_UIApplicationSupportsIndirectInputEvents = YES;
				INFOPLIST_KEY_UISupportedInterfaceOrientations_iPad = "UIInterfaceOrientationPortrait UIInterfaceOrientationPortraitUpsideDown UIInterfaceOrientationLandscapeLeft UIInterfaceOrientationLandscapeRight";
				INFOPLIST_KEY_UISupportedInterfaceOrientations_iPhone = "UIInterfaceOrientationPortrait UIInterfaceOrientationLandscapeLeft UIInterfaceOrientationLandscapeRight";
				LD_RUNPATH_SEARCH_PATHS = (
					"$(inherited)",
					"@executable_path/Frameworks",
				);
				MARKETING_VERSION = 1.0;
				PRODUCT_BUNDLE_IDENTIFIER = fofo.FoFoSays;
				PRODUCT_NAME = "$(TARGET_NAME)";
				SUPPORTED_PLATFORMS = "iphoneos iphonesimulator";
				SUPPORTS_MACCATALYST = NO;
				SUPPORTS_MAC_DESIGNED_FOR_IPHONE_IPAD = NO;
				SWIFT_EMIT_LOC_STRINGS = YES;
				SWIFT_VERSION = 5.0;
				TARGETED_DEVICE_FAMILY = "1,2";
			};
			name = Release;
		};
/* End XCBuildConfiguration section */

/* Begin XCConfigurationList section */
		7382070B2B05AA1100BA4D22 /* Build configuration list for PBXProject "FoFoSays" */ = {
			isa = XCConfigurationList;
			buildConfigurations = (
				7382071E2B05AA1200BA4D22 /* Debug */,
				7382071F2B05AA1200BA4D22 /* Release */,
			);
			defaultConfigurationIsVisible = 0;
			defaultConfigurationName = Release;
		};
		738207202B05AA1200BA4D22 /* Build configuration list for PBXNativeTarget "FoFoSays" */ = {
			isa = XCConfigurationList;
			buildConfigurations = (
				738207212B05AA1200BA4D22 /* Debug */,
				738207222B05AA1200BA4D22 /* Release */,
			);
			defaultConfigurationIsVisible = 0;
			defaultConfigurationName = Release;
		};
/* End XCConfigurationList section */
	};
	rootObject = 738207082B05AA1100BA4D22 /* Project object */;
}
